
Microsoft Visual Studio Solution File, Format Version 12.00
# Visual Studio Version 17
VisualStudioVersion = 17.10.35013.160
MinimumVisualStudioVersion = 10.0.40219.1
Project("{9A19103F-16F7-4668-BE54-9A1E7A4F7556}") = "FunPlugin", "FunPlugin\FunPlugin.csproj", "{B5862DF7-3B18-4012-BBD5-30E361FD384B}"
EndProject
Project("{9A19103F-16F7-4668-BE54-9A1E7A4F7556}") = "PSLDiscordBot.Framework", "..\PSLDiscordBot\PSLDiscordBot.Framework\PSLDiscordBot.Framework.csproj", "{42A606CB-50C1-4D12-849E-7652DD62520A}"
EndProject
Project("{9A19103F-16F7-4668-BE54-9A1E7A4F7556}") = "PSLDiscordBot.Core", "..\PSLDiscordBot\PSLDiscordBot.Core\PSLDiscordBot.Core.csproj", "{37B6D35B-4A9E-456A-BA53-840EE63761FD}"
EndProject
Project("{9A19103F-16F7-4668-BE54-9A1E7A4F7556}") = "VerifierAndBanner", "VerifierAndBanner\VerifierAndBanner.csproj", "{8560ACC4-362A-4694-8B85-AFE1C9979DC6}"
EndProject
Project("{9A19103F-16F7-4668-BE54-9A1E7A4F7556}") = "CommandStatistics", "CommandStatistics\CommandStatistics.csproj", "{CFE3AE6E-0CC0-4761-A7E0-CC27556242E4}"
EndProject
Project("{9A19103F-16F7-4668-BE54-9A1E7A4F7556}") = "MinimalDependency", "MinimalDependency\MinimalDependency.csproj", "{A446658F-5652-4A6F-878D-4BFB7CF90D6C}"
EndProject
Project("{FAE04EC0-301F-11D3-BF4B-00C04F79EFBC}") = "AutoBackup", "AutoBackup\AutoBackup.csproj", "{41D413B8-6946-4902-AC47-377E55145B16}"
EndProject
Project("{FAE04EC0-301F-11D3-BF4B-00C04F79EFBC}") = "AdminHelper", "AdminHelper\AdminHelper.csproj", "{A30AE987-ACB4-405A-A748-ECD2A0AFF68E}"
EndProject
Project("{FAE04EC0-301F-11D3-BF4B-00C04F79EFBC}") = "PhigrosLoginHost", "PhigrosLoginHost\PhigrosLoginHost.csproj", "{0A618228-C2C4-6DDB-40A7-8918BB868E89}"
EndProject
Project("{FAE04EC0-301F-11D3-BF4B-00C04F79EFBC}") = "PhigrosApi", "PhigrosApi\PhigrosApi.csproj", "{C985DFDF-435A-5833-1743-6A57ABDC636C}"
	ProjectSection(ProjectDependencies) = postProject
		{D26AF154-EB4B-BDEA-EE58-E868B3C34090} = {D26AF154-EB4B-BDEA-EE58-E868B3C34090}
	EndProjectSection
EndProject
Project("{FAE04EC0-301F-11D3-BF4B-00C04F79EFBC}") = "LocalizationTranslatorHelper", "LocalizationTranslatorHelper\LocalizationTranslatorHelper.csproj", "{04B4A569-91CF-3575-5253-498A5CA20628}"
EndProject
Project("{2150E333-8FDC-42A3-9474-1A3956D46DE8}") = "Solution Items", "Solution Items", "{8EC462FD-D22E-90A8-E5CE-7E832BA40C5D}"
	ProjectSection(SolutionItems) = preProject
		.gitattributes = .gitattributes
		.gitignore = .gitignore
		LICENSE.txt = LICENSE.txt
		README.md = README.md
	EndProjectSection
EndProject
Project("{FAE04EC0-301F-11D3-BF4B-00C04F79EFBC}") = "PersonalWebsite", "PersonalWebsite\PersonalWebsite.csproj", "{2E52618B-1044-4AE0-9977-BAF3F07E7985}"
EndProject
Project("{54A90642-561A-4BB1-A94E-469ADEE60C69}") = "PhigrosApi.Client.Javascript", "PhigrosApi.Client.Javascript\PhigrosApi.Client.Javascript.esproj", "{D26AF154-EB4B-BDEA-EE58-E868B3C34090}"
EndProject
Global
	GlobalSection(SolutionConfigurationPlatforms) = preSolution
		Debug|Any CPU = Debug|Any CPU
		Release|Any CPU = Release|Any CPU
	EndGlobalSection
	GlobalSection(ProjectConfigurationPlatforms) = postSolution
		{B5862DF7-3B18-4012-BBD5-30E361FD384B}.Debug|Any CPU.ActiveCfg = Debug|Any CPU
		{B5862DF7-3B18-4012-BBD5-30E361FD384B}.Debug|Any CPU.Build.0 = Debug|Any CPU
		{B5862DF7-3B18-4012-BBD5-30E361FD384B}.Release|Any CPU.ActiveCfg = Release|Any CPU
		{B5862DF7-3B18-4012-BBD5-30E361FD384B}.Release|Any CPU.Build.0 = Release|Any CPU
		{42A606CB-50C1-4D12-849E-7652DD62520A}.Debug|Any CPU.ActiveCfg = Debug|Any CPU
		{42A606CB-50C1-4D12-849E-7652DD62520A}.Debug|Any CPU.Build.0 = Debug|Any CPU
		{42A606CB-50C1-4D12-849E-7652DD62520A}.Release|Any CPU.ActiveCfg = Release|Any CPU
		{42A606CB-50C1-4D12-849E-7652DD62520A}.Release|Any CPU.Build.0 = Release|Any CPU
		{37B6D35B-4A9E-456A-BA53-840EE63761FD}.Debug|Any CPU.ActiveCfg = Debug|Any CPU
		{37B6D35B-4A9E-456A-BA53-840EE63761FD}.Debug|Any CPU.Build.0 = Debug|Any CPU
		{37B6D35B-4A9E-456A-BA53-840EE63761FD}.Release|Any CPU.ActiveCfg = Release|Any CPU
		{37B6D35B-4A9E-456A-BA53-840EE63761FD}.Release|Any CPU.Build.0 = Release|Any CPU
		{8560ACC4-362A-4694-8B85-AFE1C9979DC6}.Debug|Any CPU.ActiveCfg = Debug|Any CPU
		{8560ACC4-362A-4694-8B85-AFE1C9979DC6}.Debug|Any CPU.Build.0 = Debug|Any CPU
		{8560ACC4-362A-4694-8B85-AFE1C9979DC6}.Release|Any CPU.ActiveCfg = Release|Any CPU
		{8560ACC4-362A-4694-8B85-AFE1C9979DC6}.Release|Any CPU.Build.0 = Release|Any CPU
		{CFE3AE6E-0CC0-4761-A7E0-CC27556242E4}.Debug|Any CPU.ActiveCfg = Debug|Any CPU
		{CFE3AE6E-0CC0-4761-A7E0-CC27556242E4}.Debug|Any CPU.Build.0 = Debug|Any CPU
		{CFE3AE6E-0CC0-4761-A7E0-CC27556242E4}.Release|Any CPU.ActiveCfg = Release|Any CPU
		{CFE3AE6E-0CC0-4761-A7E0-CC27556242E4}.Release|Any CPU.Build.0 = Release|Any CPU
		{A446658F-5652-4A6F-878D-4BFB7CF90D6C}.Debug|Any CPU.ActiveCfg = Debug|Any CPU
		{A446658F-5652-4A6F-878D-4BFB7CF90D6C}.Debug|Any CPU.Build.0 = Debug|Any CPU
		{A446658F-5652-4A6F-878D-4BFB7CF90D6C}.Release|Any CPU.ActiveCfg = Release|Any CPU
		{A446658F-5652-4A6F-878D-4BFB7CF90D6C}.Release|Any CPU.Build.0 = Release|Any CPU
		{41D413B8-6946-4902-AC47-377E55145B16}.Debug|Any CPU.ActiveCfg = Debug|Any CPU
		{41D413B8-6946-4902-AC47-377E55145B16}.Debug|Any CPU.Build.0 = Debug|Any CPU
		{41D413B8-6946-4902-AC47-377E55145B16}.Release|Any CPU.ActiveCfg = Release|Any CPU
		{41D413B8-6946-4902-AC47-377E55145B16}.Release|Any CPU.Build.0 = Release|Any CPU
		{A30AE987-ACB4-405A-A748-ECD2A0AFF68E}.Debug|Any CPU.ActiveCfg = Debug|Any CPU
		{A30AE987-ACB4-405A-A748-ECD2A0AFF68E}.Debug|Any CPU.Build.0 = Debug|Any CPU
		{A30AE987-ACB4-405A-A748-ECD2A0AFF68E}.Release|Any CPU.ActiveCfg = Release|Any CPU
		{A30AE987-ACB4-405A-A748-ECD2A0AFF68E}.Release|Any CPU.Build.0 = Release|Any CPU
		{0A618228-C2C4-6DDB-40A7-8918BB868E89}.Debug|Any CPU.ActiveCfg = Debug|Any CPU
		{0A618228-C2C4-6DDB-40A7-8918BB868E89}.Debug|Any CPU.Build.0 = Debug|Any CPU
		{0A618228-C2C4-6DDB-40A7-8918BB868E89}.Release|Any CPU.ActiveCfg = Release|Any CPU
		{0A618228-C2C4-6DDB-40A7-8918BB868E89}.Release|Any CPU.Build.0 = Release|Any CPU
		{C985DFDF-435A-5833-1743-6A57ABDC636C}.Debug|Any CPU.ActiveCfg = Debug|Any CPU
		{C985DFDF-435A-5833-1743-6A57ABDC636C}.Debug|Any CPU.Build.0 = Debug|Any CPU
		{C985DFDF-435A-5833-1743-6A57ABDC636C}.Release|Any CPU.ActiveCfg = Release|Any CPU
		{C985DFDF-435A-5833-1743-6A57ABDC636C}.Release|Any CPU.Build.0 = Release|Any CPU
		{04B4A569-91CF-3575-5253-498A5CA20628}.Debug|Any CPU.ActiveCfg = Debug|Any CPU
		{04B4A569-91CF-3575-5253-498A5CA20628}.Debug|Any CPU.Build.0 = Debug|Any CPU
		{04B4A569-91CF-3575-5253-498A5CA20628}.Release|Any CPU.ActiveCfg = Release|Any CPU
		{04B4A569-91CF-3575-5253-498A5CA20628}.Release|Any CPU.Build.0 = Release|Any CPU
		{2E52618B-1044-4AE0-9977-BAF3F07E7985}.Debug|Any CPU.ActiveCfg = Debug|Any CPU
		{2E52618B-1044-4AE0-9977-BAF3F07E7985}.Debug|Any CPU.Build.0 = Debug|Any CPU
		{2E52618B-1044-4AE0-9977-BAF3F07E7985}.Release|Any CPU.ActiveCfg = Release|Any CPU
		{2E52618B-1044-4AE0-9977-BAF3F07E7985}.Release|Any CPU.Build.0 = Release|Any CPU
		{D26AF154-EB4B-BDEA-EE58-E868B3C34090}.Debug|Any CPU.ActiveCfg = Debug|Any CPU
		{D26AF154-EB4B-BDEA-EE58-E868B3C34090}.Debug|Any CPU.Build.0 = Debug|Any CPU
		{D26AF154-EB4B-BDEA-EE58-E868B3C34090}.Debug|Any CPU.Deploy.0 = Debug|Any CPU
		{D26AF154-EB4B-BDEA-EE58-E868B3C34090}.Release|Any CPU.ActiveCfg = Release|Any CPU
		{D26AF154-EB4B-BDEA-EE58-E868B3C34090}.Release|Any CPU.Build.0 = Release|Any CPU
		{D26AF154-EB4B-BDEA-EE58-E868B3C34090}.Release|Any CPU.Deploy.0 = Release|Any CPU
	EndGlobalSection
	GlobalSection(SolutionProperties) = preSolution
		HideSolutionNode = FALSE
	EndGlobalSection
	GlobalSection(ExtensibilityGlobals) = postSolution
		SolutionGuid = {0526754D-1597-4F37-87C8-C7BF45E0C9E4}
	EndGlobalSection
EndGlobal
