
Microsoft Visual Studio Solution File, Format Version 12.00
# Visual Studio Version 17
VisualStudioVersion = 17.10.35013.160
MinimumVisualStudioVersion = 10.0.40219.1
Project("{9A19103F-16F7-4668-BE54-9A1E7A4F7556}") = "FunPlugin", "FunPlugin\FunPlugin.csproj", "{B5862DF7-3B18-4012-BBD5-30E361FD384B}"
EndProject
Project("{9A19103F-16F7-4668-BE54-9A1E7A4F7556}") = "PSLDiscordBot.Framework", "..\PSLDiscordBot\PSLDiscordBot.Framework\PSLDiscordBot.Framework.csproj", "{42A606CB-50C1-4D12-849E-7652DD62520A}"
EndProject
Project("{9A19103F-16F7-4668-BE54-9A1E7A4F7556}") = "PSLDiscordBot.Core", "..\PSLDiscordBot\PSLDiscordBot.Core\PSLDiscordBot.Core.csproj", "{37B6D35B-4A9E-456A-BA53-840EE63761FD}"
EndProject
Project("{9A19103F-16F7-4668-BE54-9A1E7A4F7556}") = "MessageManipulate", "MessageManipulate\MessageManipulate.csproj", "{20BE1FCC-DDB5-4713-8F23-E4B75ED2ED6D}"
EndProject
Project("{9A19103F-16F7-4668-BE54-9A1E7A4F7556}") = "JsonMigrater", "JsonMigrater\JsonMigrater.csproj", "{4AC3260D-89D8-411B-8382-823A70F1DD3B}"
EndProject
Project("{9A19103F-16F7-4668-BE54-9A1E7A4F7556}") = "VerifierAndBanner", "VerifierAndBanner\VerifierAndBanner.csproj", "{8560ACC4-362A-4694-8B85-AFE1C9979DC6}"
EndProject
Project("{9A19103F-16F7-4668-BE54-9A1E7A4F7556}") = "CommandStatistics", "CommandStatistics\CommandStatistics.csproj", "{CFE3AE6E-0CC0-4761-A7E0-CC27556242E4}"
EndProject
Project("{FAE04EC0-301F-11D3-BF4B-00C04F79EFBC}") = "MinimalDependency", "MinimalDependency\MinimalDependency.csproj", "{A446658F-5652-4A6F-878D-4BFB7CF90D6C}"
EndProject
Global
	GlobalSection(SolutionConfigurationPlatforms) = preSolution
		Debug|Any CPU = Debug|Any CPU
		Release|Any CPU = Release|Any CPU
	EndGlobalSection
	GlobalSection(ProjectConfigurationPlatforms) = postSolution
		{B5862DF7-3B18-4012-BBD5-30E361FD384B}.Debug|Any CPU.ActiveCfg = Debug|Any CPU
		{B5862DF7-3B18-4012-BBD5-30E361FD384B}.Debug|Any CPU.Build.0 = Debug|Any CPU
		{B5862DF7-3B18-4012-BBD5-30E361FD384B}.Release|Any CPU.ActiveCfg = Release|Any CPU
		{B5862DF7-3B18-4012-BBD5-30E361FD384B}.Release|Any CPU.Build.0 = Release|Any CPU
		{42A606CB-50C1-4D12-849E-7652DD62520A}.Debug|Any CPU.ActiveCfg = Debug|Any CPU
		{42A606CB-50C1-4D12-849E-7652DD62520A}.Debug|Any CPU.Build.0 = Debug|Any CPU
		{42A606CB-50C1-4D12-849E-7652DD62520A}.Release|Any CPU.ActiveCfg = Release|Any CPU
		{42A606CB-50C1-4D12-849E-7652DD62520A}.Release|Any CPU.Build.0 = Release|Any CPU
		{37B6D35B-4A9E-456A-BA53-840EE63761FD}.Debug|Any CPU.ActiveCfg = Debug|Any CPU
		{37B6D35B-4A9E-456A-BA53-840EE63761FD}.Debug|Any CPU.Build.0 = Debug|Any CPU
		{37B6D35B-4A9E-456A-BA53-840EE63761FD}.Release|Any CPU.ActiveCfg = Release|Any CPU
		{37B6D35B-4A9E-456A-BA53-840EE63761FD}.Release|Any CPU.Build.0 = Release|Any CPU
		{20BE1FCC-DDB5-4713-8F23-E4B75ED2ED6D}.Debug|Any CPU.ActiveCfg = Debug|Any CPU
		{20BE1FCC-DDB5-4713-8F23-E4B75ED2ED6D}.Debug|Any CPU.Build.0 = Debug|Any CPU
		{20BE1FCC-DDB5-4713-8F23-E4B75ED2ED6D}.Release|Any CPU.ActiveCfg = Release|Any CPU
		{20BE1FCC-DDB5-4713-8F23-E4B75ED2ED6D}.Release|Any CPU.Build.0 = Release|Any CPU
		{4AC3260D-89D8-411B-8382-823A70F1DD3B}.Debug|Any CPU.ActiveCfg = Debug|Any CPU
		{4AC3260D-89D8-411B-8382-823A70F1DD3B}.Debug|Any CPU.Build.0 = Debug|Any CPU
		{4AC3260D-89D8-411B-8382-823A70F1DD3B}.Release|Any CPU.ActiveCfg = Release|Any CPU
		{4AC3260D-89D8-411B-8382-823A70F1DD3B}.Release|Any CPU.Build.0 = Release|Any CPU
		{8560ACC4-362A-4694-8B85-AFE1C9979DC6}.Debug|Any CPU.ActiveCfg = Debug|Any CPU
		{8560ACC4-362A-4694-8B85-AFE1C9979DC6}.Debug|Any CPU.Build.0 = Debug|Any CPU
		{8560ACC4-362A-4694-8B85-AFE1C9979DC6}.Release|Any CPU.ActiveCfg = Release|Any CPU
		{8560ACC4-362A-4694-8B85-AFE1C9979DC6}.Release|Any CPU.Build.0 = Release|Any CPU
		{CFE3AE6E-0CC0-4761-A7E0-CC27556242E4}.Debug|Any CPU.ActiveCfg = Debug|Any CPU
		{CFE3AE6E-0CC0-4761-A7E0-CC27556242E4}.Debug|Any CPU.Build.0 = Debug|Any CPU
		{CFE3AE6E-0CC0-4761-A7E0-CC27556242E4}.Release|Any CPU.ActiveCfg = Release|Any CPU
		{CFE3AE6E-0CC0-4761-A7E0-CC27556242E4}.Release|Any CPU.Build.0 = Release|Any CPU
		{A446658F-5652-4A6F-878D-4BFB7CF90D6C}.Debug|Any CPU.ActiveCfg = Debug|Any CPU
		{A446658F-5652-4A6F-878D-4BFB7CF90D6C}.Debug|Any CPU.Build.0 = Debug|Any CPU
		{A446658F-5652-4A6F-878D-4BFB7CF90D6C}.Release|Any CPU.ActiveCfg = Release|Any CPU
		{A446658F-5652-4A6F-878D-4BFB7CF90D6C}.Release|Any CPU.Build.0 = Release|Any CPU
	EndGlobalSection
	GlobalSection(SolutionProperties) = preSolution
		HideSolutionNode = FALSE
	EndGlobalSection
	GlobalSection(ExtensibilityGlobals) = postSolution
		SolutionGuid = {0526754D-1597-4F37-87C8-C7BF45E0C9E4}
	EndGlobalSection
EndGlobal
